github.com/duclos-cavalcanti/go-project-template/cmd/project/greetings v0.0.0-20220220173155-d6e451bffac4 h1:nCfKfOxsO9sYXodUcP22tNyKpgJkx1IV+4Iic8oc9DY=
github.com/duclos-cavalcanti/go-project-template/cmd/project/greetings v0.0.0-20220220173155-d6e451bffac4/go.mod h1:ai58VwuHi7TZ210dmOjb2lOS+N0iwZ6wX0YEmkcl/Ro=
